
Microsoft Visual Studio Solution File, Format Version 12.00
# Visual Studio Version 16
VisualStudioVersion = 16.0.33328.57
MinimumVisualStudioVersion = 10.0.40219.1
Project("{FAE04EC0-301F-11D3-BF4B-00C04F79EFBC}") = "HomeWork2", "HomeWork2\HomeWork2.csproj", "{16A347A5-321C-4CC0-8FED-7E10A5A9C066}"
EndProject
Global
	GlobalSection(SolutionConfigurationPlatforms) = preSolution
		Debug|Any CPU = Debug|Any CPU
		Release|Any CPU = Release|Any CPU
	EndGlobalSection
	GlobalSection(ProjectConfigurationPlatforms) = postSolution
		{16A347A5-321C-4CC0-8FED-7E10A5A9C066}.Debug|Any CPU.ActiveCfg = Debug|Any CPU
		{16A347A5-321C-4CC0-8FED-7E10A5A9C066}.Debug|Any CPU.Build.0 = Debug|Any CPU
		{16A347A5-321C-4CC0-8FED-7E10A5A9C066}.Release|Any CPU.ActiveCfg = Release|Any CPU
		{16A347A5-321C-4CC0-8FED-7E10A5A9C066}.Release|Any CPU.Build.0 = Release|Any CPU
	EndGlobalSection
	GlobalSection(SolutionProperties) = preSolution
		HideSolutionNode = FALSE
	EndGlobalSection
	GlobalSection(ExtensibilityGlobals) = postSolution
		SolutionGuid = {00894CDF-545D-4448-8D4C-FE45A10DA3D1}
	EndGlobalSection
EndGlobal
