
Microsoft Visual Studio Solution File, Format Version 12.00
# Visual Studio Version 16
VisualStudioVersion = 16.0.33328.57
MinimumVisualStudioVersion = 10.0.40219.1
Project("{FAE04EC0-301F-11D3-BF4B-00C04F79EFBC}") = "Lab1108", "Lab1108\Lab1108.csproj", "{42B3EA79-6DBC-4F59-AF70-FE606EB21542}"
EndProject
Global
	GlobalSection(SolutionConfigurationPlatforms) = preSolution
		Debug|Any CPU = Debug|Any CPU
		Release|Any CPU = Release|Any CPU
	EndGlobalSection
	GlobalSection(ProjectConfigurationPlatforms) = postSolution
		{42B3EA79-6DBC-4F59-AF70-FE606EB21542}.Debug|Any CPU.ActiveCfg = Debug|Any CPU
		{42B3EA79-6DBC-4F59-AF70-FE606EB21542}.Debug|Any CPU.Build.0 = Debug|Any CPU
		{42B3EA79-6DBC-4F59-AF70-FE606EB21542}.Release|Any CPU.ActiveCfg = Release|Any CPU
		{42B3EA79-6DBC-4F59-AF70-FE606EB21542}.Release|Any CPU.Build.0 = Release|Any CPU
	EndGlobalSection
	GlobalSection(SolutionProperties) = preSolution
		HideSolutionNode = FALSE
	EndGlobalSection
	GlobalSection(ExtensibilityGlobals) = postSolution
		SolutionGuid = {62F06C01-1C0A-4DED-9570-F1B3E4C4B392}
	EndGlobalSection
EndGlobal
